
Microsoft Visual Studio Solution File, Format Version 12.00
# Visual Studio 15
VisualStudioVersion = 15.0.27703.2000
MinimumVisualStudioVersion = 10.0.40219.1
Project("{FAE04EC0-301F-11D3-BF4B-00C04F79EFBC}") = "TeduAppCore", "TeduAppCore\TeduAppCore.csproj", "{DBC77265-10EB-4A60-BC96-15BC33ADF995}"
EndProject
Global
	GlobalSection(SolutionConfigurationPlatforms) = preSolution
		Debug|Any CPU = Debug|Any CPU
		Release|Any CPU = Release|Any CPU
	EndGlobalSection
	GlobalSection(ProjectConfigurationPlatforms) = postSolution
		{DBC77265-10EB-4A60-BC96-15BC33ADF995}.Debug|Any CPU.ActiveCfg = Debug|Any CPU
		{DBC77265-10EB-4A60-BC96-15BC33ADF995}.Debug|Any CPU.Build.0 = Debug|Any CPU
		{DBC77265-10EB-4A60-BC96-15BC33ADF995}.Release|Any CPU.ActiveCfg = Release|Any CPU
		{DBC77265-10EB-4A60-BC96-15BC33ADF995}.Release|Any CPU.Build.0 = Release|Any CPU
	EndGlobalSection
	GlobalSection(SolutionProperties) = preSolution
		HideSolutionNode = FALSE
	EndGlobalSection
	GlobalSection(ExtensibilityGlobals) = postSolution
		SolutionGuid = {BC2E91C0-FA0A-4E2E-ACB4-B07747009466}
	EndGlobalSection
EndGlobal
