
Microsoft Visual Studio Solution File, Format Version 12.00
# Visual Studio 15
VisualStudioVersion = 15.0.27703.2000
MinimumVisualStudioVersion = 10.0.40219.1
Project("{FAE04EC0-301F-11D3-BF4B-00C04F79EFBC}") = "TeduAppCore", "TeduAppCore\TeduAppCore.csproj", "{3001743D-CBD3-481A-915A-A4624E8ABE68}"
EndProject
Global
	GlobalSection(SolutionConfigurationPlatforms) = preSolution
		Debug|Any CPU = Debug|Any CPU
		Release|Any CPU = Release|Any CPU
	EndGlobalSection
	GlobalSection(ProjectConfigurationPlatforms) = postSolution
		{3001743D-CBD3-481A-915A-A4624E8ABE68}.Debug|Any CPU.ActiveCfg = Debug|Any CPU
		{3001743D-CBD3-481A-915A-A4624E8ABE68}.Debug|Any CPU.Build.0 = Debug|Any CPU
		{3001743D-CBD3-481A-915A-A4624E8ABE68}.Release|Any CPU.ActiveCfg = Release|Any CPU
		{3001743D-CBD3-481A-915A-A4624E8ABE68}.Release|Any CPU.Build.0 = Release|Any CPU
	EndGlobalSection
	GlobalSection(SolutionProperties) = preSolution
		HideSolutionNode = FALSE
	EndGlobalSection
	GlobalSection(ExtensibilityGlobals) = postSolution
		SolutionGuid = {0A51DFE6-DA77-49BC-AB9B-7FC5F97F14F0}
	EndGlobalSection
EndGlobal
